
Microsoft Visual Studio Solution File, Format Version 12.00
# Visual Studio Version 17
VisualStudioVersion = 17.7.34018.315
MinimumVisualStudioVersion = 10.0.40219.1
Project("{FAE04EC0-301F-11D3-BF4B-00C04F79EFBC}") = "Inlämnings Uppgift 5.3", "Inlämnings Uppgift 5.3\Inlämnings Uppgift 5.3.csproj", "{BD8C7983-D19E-45D5-9AD8-F20687B81CCF}"
EndProject
Global
	GlobalSection(SolutionConfigurationPlatforms) = preSolution
		Debug|Any CPU = Debug|Any CPU
		Release|Any CPU = Release|Any CPU
	EndGlobalSection
	GlobalSection(ProjectConfigurationPlatforms) = postSolution
		{BD8C7983-D19E-45D5-9AD8-F20687B81CCF}.Debug|Any CPU.ActiveCfg = Debug|Any CPU
		{BD8C7983-D19E-45D5-9AD8-F20687B81CCF}.Debug|Any CPU.Build.0 = Debug|Any CPU
		{BD8C7983-D19E-45D5-9AD8-F20687B81CCF}.Release|Any CPU.ActiveCfg = Release|Any CPU
		{BD8C7983-D19E-45D5-9AD8-F20687B81CCF}.Release|Any CPU.Build.0 = Release|Any CPU
	EndGlobalSection
	GlobalSection(SolutionProperties) = preSolution
		HideSolutionNode = FALSE
	EndGlobalSection
	GlobalSection(ExtensibilityGlobals) = postSolution
		SolutionGuid = {3570AC69-A6C8-4C35-ACBF-9EE8B40D1BF4}
	EndGlobalSection
EndGlobal
